
Microsoft Visual Studio Solution File, Format Version 12.00
# Visual Studio Version 17
VisualStudioVersion = 17.8.34322.80
MinimumVisualStudioVersion = 10.0.40219.1
Project("{9A19103F-16F7-4668-BE54-9A1E7A4F7556}") = "UCustomPrefabsAPI", "UCustomPrefabsAPI\UCustomPrefabsAPI.csproj", "{F80C96F8-E5C1-4A9B-8114-7C00A49ED94A}"
EndProject
Project("{FAE04EC0-301F-11D3-BF4B-00C04F79EFBC}") = "UCustomPrefabsAPI.Peak", "UCustomPrefabsAPI.Peak\UCustomPrefabsAPI.Peak.csproj", "{AF0C8EEC-D724-4158-9F96-3C1F57147FB7}"
	ProjectSection(ProjectDependencies) = postProject
		{1C2A4C23-F7FD-4E40-92AF-37B48ADD0735} = {1C2A4C23-F7FD-4E40-92AF-37B48ADD0735}
		{71A984DF-2AA1-4E27-9129-B25EDEA92B49} = {71A984DF-2AA1-4E27-9129-B25EDEA92B49}
		{F80C96F8-E5C1-4A9B-8114-7C00A49ED94A} = {F80C96F8-E5C1-4A9B-8114-7C00A49ED94A}
	EndProjectSection
EndProject
Project("{FAE04EC0-301F-11D3-BF4B-00C04F79EFBC}") = "PixelTools", "PixelTools\PixelTools.csproj", "{71A984DF-2AA1-4E27-9129-B25EDEA92B49}"
EndProject
Project("{FAE04EC0-301F-11D3-BF4B-00C04F79EFBC}") = "Naelstrof.JigglePhysics", "Naelstrof.JigglePhysics\Naelstrof.JigglePhysics.csproj", "{1C2A4C23-F7FD-4E40-92AF-37B48ADD0735}"
EndProject
Global
	GlobalSection(SolutionConfigurationPlatforms) = preSolution
		Debug|Any CPU = Debug|Any CPU
		Release|Any CPU = Release|Any CPU
	EndGlobalSection
	GlobalSection(ProjectConfigurationPlatforms) = postSolution
		{F80C96F8-E5C1-4A9B-8114-7C00A49ED94A}.Debug|Any CPU.ActiveCfg = Debug|Any CPU
		{F80C96F8-E5C1-4A9B-8114-7C00A49ED94A}.Debug|Any CPU.Build.0 = Debug|Any CPU
		{F80C96F8-E5C1-4A9B-8114-7C00A49ED94A}.Release|Any CPU.ActiveCfg = Release|Any CPU
		{F80C96F8-E5C1-4A9B-8114-7C00A49ED94A}.Release|Any CPU.Build.0 = Release|Any CPU
		{AF0C8EEC-D724-4158-9F96-3C1F57147FB7}.Debug|Any CPU.ActiveCfg = Debug|Any CPU
		{AF0C8EEC-D724-4158-9F96-3C1F57147FB7}.Debug|Any CPU.Build.0 = Debug|Any CPU
		{AF0C8EEC-D724-4158-9F96-3C1F57147FB7}.Release|Any CPU.ActiveCfg = Release|Any CPU
		{AF0C8EEC-D724-4158-9F96-3C1F57147FB7}.Release|Any CPU.Build.0 = Release|Any CPU
		{71A984DF-2AA1-4E27-9129-B25EDEA92B49}.Debug|Any CPU.ActiveCfg = Debug|Any CPU
		{71A984DF-2AA1-4E27-9129-B25EDEA92B49}.Debug|Any CPU.Build.0 = Debug|Any CPU
		{71A984DF-2AA1-4E27-9129-B25EDEA92B49}.Release|Any CPU.ActiveCfg = Release|Any CPU
		{71A984DF-2AA1-4E27-9129-B25EDEA92B49}.Release|Any CPU.Build.0 = Release|Any CPU
		{1C2A4C23-F7FD-4E40-92AF-37B48ADD0735}.Debug|Any CPU.ActiveCfg = Debug|Any CPU
		{1C2A4C23-F7FD-4E40-92AF-37B48ADD0735}.Debug|Any CPU.Build.0 = Debug|Any CPU
		{1C2A4C23-F7FD-4E40-92AF-37B48ADD0735}.Release|Any CPU.ActiveCfg = Release|Any CPU
		{1C2A4C23-F7FD-4E40-92AF-37B48ADD0735}.Release|Any CPU.Build.0 = Release|Any CPU
	EndGlobalSection
	GlobalSection(SolutionProperties) = preSolution
		HideSolutionNode = FALSE
	EndGlobalSection
	GlobalSection(ExtensibilityGlobals) = postSolution
		SolutionGuid = {B100785B-B44B-40AF-8A3C-05ADAEE5C715}
	EndGlobalSection
EndGlobal
